
Microsoft Visual Studio Solution File, Format Version 12.00
Project("{FAE04EC0-301F-11D3-BF4B-00C04F79EFBC}") = "WebApplication6", "WebApplication6\WebApplication6.csproj", "{F408370F-D166-44B2-9708-9BA94B072EF7}"
EndProject
Project("{FAE04EC0-301F-11D3-BF4B-00C04F79EFBC}") = "WebApplication6.Tests", "WebApplication6.Tests\WebApplication6.Tests.csproj", "{66414DE2-E21A-4BAA-9367-389C7A7D2AEF}"
EndProject
Global
	GlobalSection(SolutionConfigurationPlatforms) = preSolution
		Debug|Any CPU = Debug|Any CPU
		Release|Any CPU = Release|Any CPU
	EndGlobalSection
	GlobalSection(ProjectConfigurationPlatforms) = postSolution
		{F408370F-D166-44B2-9708-9BA94B072EF7}.Debug|Any CPU.ActiveCfg = Debug|Any CPU
		{F408370F-D166-44B2-9708-9BA94B072EF7}.Debug|Any CPU.Build.0 = Debug|Any CPU
		{F408370F-D166-44B2-9708-9BA94B072EF7}.Release|Any CPU.ActiveCfg = Release|Any CPU
		{F408370F-D166-44B2-9708-9BA94B072EF7}.Release|Any CPU.Build.0 = Release|Any CPU
		{66414DE2-E21A-4BAA-9367-389C7A7D2AEF}.Debug|Any CPU.ActiveCfg = Debug|Any CPU
		{66414DE2-E21A-4BAA-9367-389C7A7D2AEF}.Debug|Any CPU.Build.0 = Debug|Any CPU
		{66414DE2-E21A-4BAA-9367-389C7A7D2AEF}.Release|Any CPU.ActiveCfg = Release|Any CPU
		{66414DE2-E21A-4BAA-9367-389C7A7D2AEF}.Release|Any CPU.Build.0 = Release|Any CPU
	EndGlobalSection
EndGlobal
